{
  "name": "ibx34",
  "requires": true,
  "lockfileVersion": 1,
  "dependencies": {
    "@ayanaware/bento": {
      "version": "1.0.0-rc.11",
      "resolved": "https://registry.npmjs.org/@ayanaware/bento/-/bento-1.0.0-rc.11.tgz",
      "integrity": "sha512-42ud+9coimCv0S+sJrlMca3Ob3qdubOXUq8+ukWcvWWS5hAN/jam4P0FYEX767392T6xGKLKyYNAfbl0tdDiEw==",
      "requires": {
        "@ayanaware/errors": "^1.1.0",
        "@ayanaware/logger-api": "^2.0.0",
        "reflect-metadata": "^0.1.13"
      }
    },
    "@ayanaware/bentocord": {
      "version": "1.0.0-beta.23",
      "resolved": "https://registry.npmjs.org/@ayanaware/bentocord/-/bentocord-1.0.0-beta.23.tgz",
      "integrity": "sha512-KyTvvQi5TF1RwvVdCQp01DI6hS3MMlvagqAPkCRK5CGgb6/bhCllzGMZEZDjoGEDP0v0aTxPkNtwoe9D/o8N4g==",
      "requires": {
        "@ayanaware/bento": "^1.0.0-rc.10",
        "@ayanaware/logger-api": "^2.0.0",
        "eris": "0.13.4"
      },
      "dependencies": {
        "eris": {
          "version": "0.13.4",
          "resolved": "https://registry.npmjs.org/eris/-/eris-0.13.4.tgz",
          "integrity": "sha512-IFA14nasCig8xp8cVCULvzBuJ0qpYqJ3XyEtm9OLdC177DYDCJ9QM2Aq+KOpejIVl7838n9AyRlLI6w9Eu3PiQ==",
          "requires": {
            "opusscript": "^0.0.7",
            "tweetnacl": "^1.0.1",
            "ws": "^7.2.1"
          }
        }
      }
    },
    "@ayanaware/errors": {
      "version": "1.1.0",
      "resolved": "https://registry.npmjs.org/@ayanaware/errors/-/errors-1.1.0.tgz",
      "integrity": "sha512-YJixth1wsnzUbwXwKDmP4f9b7eBmuLL6/8sgeAAvlQlUHxBdcAafKjk655OvsGqoqYoHiM6CKx1coN8Lews+ZA=="
    },
    "@ayanaware/logger": {
      "version": "2.2.1",
      "resolved": "https://registry.npmjs.org/@ayanaware/logger/-/logger-2.2.1.tgz",
      "integrity": "sha512-POi1s4Fbe4c2XUIV+85zQT9V23+0luu52SIrYiYxXBofirE9omFXhatUOERppZXnY8A9hJoCjl3kvdMkWybGag==",
      "dev": true,
      "requires": {
        "fecha": "^4.1.0"
      }
    },
    "@ayanaware/logger-api": {
      "version": "2.0.0",
      "resolved": "https://registry.npmjs.org/@ayanaware/logger-api/-/logger-api-2.0.0.tgz",
      "integrity": "sha512-94qXdjjPWpizWbHCLRdZ5EHG3qZP2MsLxZwRJOduD5e66KeVnoxibW9rInzlfPRXvUTwn+pP0j5vVVh4WuZgPg=="
    },
    "@ayanaware/ts": {
      "version": "1.1.3",
      "resolved": "https://registry.npmjs.org/@ayanaware/ts/-/ts-1.1.3.tgz",
      "integrity": "sha512-KQr5Ho4FNCa77aK0D/dPZLYBsLe7T9lVxox9H1aKcoTqvhb/LgsKkhd9VzclPtY25ZeEKx0y7GSIIu1YzY2zMA==",
      "dev": true,
      "requires": {
        "builtin-modules": "^3.1.0",
        "tslib": "^1.9.2",
        "tslint-config-security": "^1.16.0",
        "tslint-eslint-rules": "^5.4.0",
        "tslint-sonarts": "^1.9.0"
      }
    },
    "@types/node": {
      "version": "14.14.7",
      "resolved": "https://registry.npmjs.org/@types/node/-/node-14.14.7.tgz",
      "integrity": "sha512-Zw1vhUSQZYw+7u5dAwNbIA9TuTotpzY/OF7sJM9FqPOF3SPjKnxrjoTktXDZgUjybf4cWVBP7O8wvKdSaGHweg==",
      "dev": true
    },
    "builtin-modules": {
      "version": "3.1.0",
      "resolved": "https://registry.npmjs.org/builtin-modules/-/builtin-modules-3.1.0.tgz",
      "integrity": "sha512-k0KL0aWZuBt2lrxrcASWDfwOLMnodeQjodT/1SxEQAXsHANgo6ZC/VEaSEHCXt7aSTZ4/4H5LKa+tBXmW7Vtvw==",
      "dev": true
    },
    "doctrine": {
      "version": "0.7.2",
      "resolved": "https://registry.npmjs.org/doctrine/-/doctrine-0.7.2.tgz",
      "integrity": "sha1-fLhgNZujvpDgQLJrcpzkv6ZUxSM=",
      "dev": true,
      "requires": {
        "esutils": "^1.1.6",
        "isarray": "0.0.1"
      }
    },
    "eris": {
      "version": "0.13.4",
      "resolved": "https://registry.npmjs.org/eris/-/eris-0.13.4.tgz",
      "integrity": "sha512-IFA14nasCig8xp8cVCULvzBuJ0qpYqJ3XyEtm9OLdC177DYDCJ9QM2Aq+KOpejIVl7838n9AyRlLI6w9Eu3PiQ==",
      "requires": {
        "opusscript": "^0.0.7",
        "tweetnacl": "^1.0.1",
        "ws": "^7.2.1"
      }
    },
    "esutils": {
      "version": "1.1.6",
      "resolved": "https://registry.npmjs.org/esutils/-/esutils-1.1.6.tgz",
      "integrity": "sha1-wBzKqa5LiXxtDD4hCuUvPHqEQ3U=",
      "dev": true
    },
    "fecha": {
      "version": "4.2.0",
      "resolved": "https://registry.npmjs.org/fecha/-/fecha-4.2.0.tgz",
      "integrity": "sha512-aN3pcx/DSmtyoovUudctc8+6Hl4T+hI9GBBHLjA76jdZl7+b1sgh5g4k+u/GL3dTy1/pnYzKp69FpJ0OicE3Wg==",
      "dev": true
    },
    "immutable": {
      "version": "3.8.2",
      "resolved": "https://registry.npmjs.org/immutable/-/immutable-3.8.2.tgz",
      "integrity": "sha1-wkOZUUVbs5kT2vKBN28VMOEErfM=",
      "dev": true
    },
    "isarray": {
      "version": "0.0.1",
      "resolved": "https://registry.npmjs.org/isarray/-/isarray-0.0.1.tgz",
      "integrity": "sha1-ihis/Kmo9Bd+Cav8YDiTmwXR7t8=",
      "dev": true
    },
    "opusscript": {
      "version": "0.0.7",
      "resolved": "https://registry.npmjs.org/opusscript/-/opusscript-0.0.7.tgz",
      "integrity": "sha512-DcBadTdYTUuH9zQtepsLjQn4Ll6rs3dmeFvN+SD0ThPnxRBRm/WC1zXWPg+wgAJimB784gdZvUMA57gDP7FdVg==",
      "optional": true
    },
    "reflect-metadata": {
      "version": "0.1.13",
      "resolved": "https://registry.npmjs.org/reflect-metadata/-/reflect-metadata-0.1.13.tgz",
      "integrity": "sha512-Ts1Y/anZELhSsjMcU605fU9RE4Oi3p5ORujwbIKXfWa+0Zxs510Qrmrce5/Jowq3cHSZSJqBjypxmHarc+vEWg=="
    },
    "ret": {
      "version": "0.1.15",
      "resolved": "https://registry.npmjs.org/ret/-/ret-0.1.15.tgz",
      "integrity": "sha512-TTlYpa+OL+vMMNG24xSlQGEJ3B/RzEfUlLct7b5G/ytav+wPrplCpVMFuwzXbkecJrb6IYo1iFb0S9v37754mg==",
      "dev": true
    },
    "safe-regex": {
      "version": "1.1.0",
      "resolved": "https://registry.npmjs.org/safe-regex/-/safe-regex-1.1.0.tgz",
      "integrity": "sha1-QKNmnzsHfR6UPURinhV91IAjvy4=",
      "dev": true,
      "requires": {
        "ret": "~0.1.10"
      }
    },
    "tslib": {
      "version": "1.14.1",
      "resolved": "https://registry.npmjs.org/tslib/-/tslib-1.14.1.tgz",
      "integrity": "sha512-Xni35NKzjgMrwevysHTCArtLDpPvye8zV/0E4EyYn43P7/7qvQwPh9BGkHewbMulVntbigmcT7rdX3BNo9wRJg==",
      "dev": true
    },
    "tslint-config-security": {
      "version": "1.16.0",
      "resolved": "https://registry.npmjs.org/tslint-config-security/-/tslint-config-security-1.16.0.tgz",
      "integrity": "sha512-wwM+COg4FX1Gl6VnvaTV9zqcUY6cs4XkiP6T3qhc6s20Xy4J9irui6+fkP07yVkrwfcNFneji3YcIwiMvKSQPQ==",
      "dev": true,
      "requires": {
        "safe-regex": "^1.1.0"
      }
    },
    "tslint-eslint-rules": {
      "version": "5.4.0",
      "resolved": "https://registry.npmjs.org/tslint-eslint-rules/-/tslint-eslint-rules-5.4.0.tgz",
      "integrity": "sha512-WlSXE+J2vY/VPgIcqQuijMQiel+UtmXS+4nvK4ZzlDiqBfXse8FAvkNnTcYhnQyOTW5KFM+uRRGXxYhFpuBc6w==",
      "dev": true,
      "requires": {
        "doctrine": "0.7.2",
        "tslib": "1.9.0",
        "tsutils": "^3.0.0"
      },
      "dependencies": {
        "tslib": {
          "version": "1.9.0",
          "resolved": "https://registry.npmjs.org/tslib/-/tslib-1.9.0.tgz",
          "integrity": "sha512-f/qGG2tUkrISBlQZEjEqoZ3B2+npJjIf04H1wuAv9iA8i04Icp+61KRXxFdha22670NJopsZCIjhC3SnjPRKrQ==",
          "dev": true
        }
      }
    },
    "tslint-sonarts": {
      "version": "1.9.0",
      "resolved": "https://registry.npmjs.org/tslint-sonarts/-/tslint-sonarts-1.9.0.tgz",
      "integrity": "sha512-CJWt+IiYI8qggb2O/JPkS6CkC5DY1IcqRsm9EHJ+AxoWK70lvtP7jguochyNDMP2vIz/giGdWCfEM39x/I/Vnw==",
      "dev": true,
      "requires": {
        "immutable": "^3.8.2"
      }
    },
    "tsutils": {
      "version": "3.17.1",
      "resolved": "https://registry.npmjs.org/tsutils/-/tsutils-3.17.1.tgz",
      "integrity": "sha512-kzeQ5B8H3w60nFY2g8cJIuH7JDpsALXySGtwGJ0p2LSjLgay3NdIpqq5SoOBe46bKDW2iq25irHCr8wjomUS2g==",
      "dev": true,
      "requires": {
        "tslib": "^1.8.1"
      }
    },
    "tweetnacl": {
      "version": "1.0.3",
      "resolved": "https://registry.npmjs.org/tweetnacl/-/tweetnacl-1.0.3.tgz",
      "integrity": "sha512-6rt+RN7aOi1nGMyC4Xa5DdYiukl2UWCbcJft7YhxReBGQD7OAM8Pbxw6YMo4r2diNEA8FEmu32YOn9rhaiE5yw==",
      "optional": true
    },
    "typescript": {
      "version": "4.0.5",
      "resolved": "https://registry.npmjs.org/typescript/-/typescript-4.0.5.tgz",
      "integrity": "sha512-ywmr/VrTVCmNTJ6iV2LwIrfG1P+lv6luD8sUJs+2eI9NLGigaN+nUQc13iHqisq7bra9lnmUSYqbJvegraBOPQ==",
      "dev": true
    },
    "ws": {
      "version": "7.4.0",
      "resolved": "https://registry.npmjs.org/ws/-/ws-7.4.0.tgz",
      "integrity": "sha512-kyFwXuV/5ymf+IXhS6f0+eAFvydbaBW3zjpT6hUdAh/hbVjTIB5EHBGi0bPoCLSK2wcuz3BrEkB9LrYv1Nm4NQ=="
    }
  }
}
